
Microsoft Visual Studio Solution File, Format Version 12.00
# Visual Studio Version 16
VisualStudioVersion = 16.0.29025.244
MinimumVisualStudioVersion = 10.0.40219.1
Project("{FAE04EC0-301F-11D3-BF4B-00C04F79EFBC}") = "COMP123 - S2019 - ASSIGNMENT 5 - ANDRE", "COMP123 - S2019 - ASSIGNMENT 5 - ANDRE.csproj", "{D6CF6928-E501-4F7D-9026-992CD71D6182}"
EndProject
Global
	GlobalSection(SolutionConfigurationPlatforms) = preSolution
		Debug|Any CPU = Debug|Any CPU
		Release|Any CPU = Release|Any CPU
	EndGlobalSection
	GlobalSection(ProjectConfigurationPlatforms) = postSolution
		{D6CF6928-E501-4F7D-9026-992CD71D6182}.Debug|Any CPU.ActiveCfg = Debug|Any CPU
		{D6CF6928-E501-4F7D-9026-992CD71D6182}.Debug|Any CPU.Build.0 = Debug|Any CPU
		{D6CF6928-E501-4F7D-9026-992CD71D6182}.Release|Any CPU.ActiveCfg = Release|Any CPU
		{D6CF6928-E501-4F7D-9026-992CD71D6182}.Release|Any CPU.Build.0 = Release|Any CPU
	EndGlobalSection
	GlobalSection(SolutionProperties) = preSolution
		HideSolutionNode = FALSE
	EndGlobalSection
	GlobalSection(ExtensibilityGlobals) = postSolution
		SolutionGuid = {19C777CC-67F1-4DAB-91A3-D2F7F6CA6F8F}
	EndGlobalSection
EndGlobal
